
Microsoft Visual Studio Solution File, Format Version 12.00
# Visual Studio Version 16
VisualStudioVersion = 16.0.29519.181
MinimumVisualStudioVersion = 10.0.40219.1
Project("{FAE04EC0-301F-11D3-BF4B-00C04F79EFBC}") = "Zoomer", "Zoomer\Zoomer.csproj", "{36DE6799-49B9-4AC8-A092-5958746AF861}"
EndProject
Global
	GlobalSection(SolutionConfigurationPlatforms) = preSolution
		Debug|Any CPU = Debug|Any CPU
		Release|Any CPU = Release|Any CPU
	EndGlobalSection
	GlobalSection(ProjectConfigurationPlatforms) = postSolution
		{36DE6799-49B9-4AC8-A092-5958746AF861}.Debug|Any CPU.ActiveCfg = Debug|Any CPU
		{36DE6799-49B9-4AC8-A092-5958746AF861}.Debug|Any CPU.Build.0 = Debug|Any CPU
		{36DE6799-49B9-4AC8-A092-5958746AF861}.Release|Any CPU.ActiveCfg = Release|Any CPU
		{36DE6799-49B9-4AC8-A092-5958746AF861}.Release|Any CPU.Build.0 = Release|Any CPU
	EndGlobalSection
	GlobalSection(SolutionProperties) = preSolution
		HideSolutionNode = FALSE
	EndGlobalSection
	GlobalSection(ExtensibilityGlobals) = postSolution
		SolutionGuid = {95D61D5F-3744-4EB1-8B20-3D88CE62AB78}
	EndGlobalSection
EndGlobal
